<?xml version="1.0" encoding="utf-8"?>
<Project ToolsVersion="4.0" xmlns="http://schemas.microsoft.com/developer/msbuild/2003">
  <ItemGroup>
    <Filter Include="Source Files">
      <UniqueIdentifier>{4FC737F1-C7A5-4376-A066-2A32D752A2FF}</UniqueIdentifier>
      <Extensions>cpp;c;cc;cxx;c++;cppm;ixx;def;odl;idl;hpj;bat;asm;asmx</Extensions>
    </Filter>
    <Filter Include="Header Files">
      <UniqueIdentifier>{93995380-89BD-4b04-88EB-625FBE52EBFB}</UniqueIdentifier>
      <Extensions>h;hh;hpp;hxx;h++;hm;inl;inc;ipp;xsd</Extensions>
    </Filter>
    <Filter Include="Resource Files">
      <UniqueIdentifier>{67DA6AB6-F800-4c08-8B7A-83BB121AAD01}</UniqueIdentifier>
      <Extensions>rc;ico;cur;bmp;dlg;rc2;rct;bin;rgs;gif;jpg;jpeg;jpe;resx;tiff;tif;png;wav;mfcribbon-ms</Extensions>
    </Filter>
  </ItemGroup>
  <ItemGroup>
    <ClCompile Include="source\Main.cpp">
      <Filter>Source Files</Filter>
    </ClCompile>
    <ClCompile Include="source\Components\PlayerController.cpp">
      <Filter>Source Files</Filter>
    </ClCompile>
    <ClCompile Include="source\Prefabs.cpp">
      <Filter>Source Files</Filter>
    </ClCompile>
    <ClCompile Include="source\Editor\Editor.cpp">
      <Filter>Source Files</Filter>
    </ClCompile>
    <ClCompile Include="source\Editor\SceneGraphPanel.cpp">
      <Filter>Source Files</Filter>
    </ClCompile>
    <ClCompile Include="source\Editor\BurgerTimeLevelPanel.cpp">
      <Filter>Source Files</Filter>
    </ClCompile>
    <ClCompile Include="source\Components\BurgerIngredient.cpp">
      <Filter>Source Files</Filter>
    </ClCompile>
    <ClCompile Include="source\Components\BurgerTimeMovementController.cpp">
      <Filter>Source Files</Filter>
    </ClCompile>
    <ClCompile Include="source\Components\BurgerPlate.cpp">
      <Filter>Source Files</Filter>
    </ClCompile>
    <ClCompile Include="source\Components\NodeComponent.cpp">
      <Filter>Source Files</Filter>
    </ClCompile>
    <ClCompile Include="source\AI\Pathfinding\AStar.cpp">
      <Filter>Source Files</Filter>
    </ClCompile>
    <ClCompile Include="source\Components\CharacterInfo.cpp">
      <Filter>Source Files</Filter>
    </ClCompile>
    <ClCompile Include="source\States\Enemy\EnemyGoToPlayerState.cpp">
      <Filter>Source Files</Filter>
    </ClCompile>
    <ClCompile Include="source\States\CharacterState.cpp">
      <Filter>Source Files</Filter>
    </ClCompile>
    <ClCompile Include="source\States\Enemy\EnemyClimbLadderState.cpp">
      <Filter>Source Files</Filter>
    </ClCompile>
    <ClCompile Include="source\Components\ObjectSpawner.cpp">
      <Filter>Source Files</Filter>
    </ClCompile>
    <ClCompile Include="source\States\GameModes\BTSinglePlayerGameMode.cpp">
      <Filter>Source Files</Filter>
    </ClCompile>
    <ClCompile Include="source\Components\BTTileGridComponent.cpp">
      <Filter>Source Files</Filter>
    </ClCompile>
    <ClCompile Include="source\States\GameModes\BTGameMode.cpp">
      <Filter>Source Files</Filter>
    </ClCompile>
    <ClCompile Include="source\Components\HealthComponent.cpp">
      <Filter>Source Files</Filter>
    </ClCompile>
    <ClCompile Include="source\Components\EnemyComponent.cpp">
      <Filter>Source Files</Filter>
    </ClCompile>
    <ClCompile Include="source\Components\CharacterAnimationController.cpp">
      <Filter>Source Files</Filter>
    </ClCompile>
    <ClCompile Include="source\BurgerTime.cpp">
      <Filter>Source Files</Filter>
    </ClCompile>
    <ClCompile Include="source\States\SpriteAnim\SpriteAnimState.cpp">
      <Filter>Source Files</Filter>
    </ClCompile>
    <ClCompile Include="source\States\SpriteAnim\CharacterAnimStates.cpp">
      <Filter>Source Files</Filter>
    </ClCompile>
    <ClCompile Include="source\Components\SnapToGridComponent.cpp">
      <Filter>Source Files</Filter>
    </ClCompile>
    <ClCompile Include="source\States\Enemy\EnemyDieState.cpp">
      <Filter>Source Files</Filter>
    </ClCompile>
    <ClCompile Include="source\States\Enemy\EnemyState.cpp">
      <Filter>Source Files</Filter>
    </ClCompile>
    <ClCompile Include="source\States\Enemy\EnemyFallState.cpp">
      <Filter>Source Files</Filter>
    </ClCompile>
    <ClCompile Include="source\States\Enemy\EnemyAttackState.cpp">
      <Filter>Source Files</Filter>
    </ClCompile>
    <ClCompile Include="source\States\Enemy\EnemyStunnedState.cpp">
      <Filter>Source Files</Filter>
    </ClCompile>
    <ClCompile Include="source\Components\PepperComponent.cpp">
      <Filter>Source Files</Filter>
    </ClCompile>
    <ClCompile Include="source\States\GameModes\MainMenuGameMode.cpp">
      <Filter>Source Files</Filter>
    </ClCompile>
    <ClCompile Include="source\Editor\BTEditorGameMode.cpp">
      <Filter>Source Files</Filter>
    </ClCompile>
    <ClCompile Include="source\States\Ingredients\IngredientIdleState.cpp">
      <Filter>Source Files</Filter>
    </ClCompile>
    <ClCompile Include="source\States\Ingredients\IngredientFallState.cpp">
      <Filter>Source Files</Filter>
    </ClCompile>
    <ClCompile Include="source\States\Ingredients\IngredientInPlateState.cpp">
      <Filter>Source Files</Filter>
    </ClCompile>
    <ClCompile Include="source\HighScoreSerializer.cpp">
      <Filter>Source Files</Filter>
    </ClCompile>
    <ClCompile Include="source\States\Menu\MainMenuState.cpp">
      <Filter>Source Files</Filter>
    </ClCompile>
  </ItemGroup>
  <ItemGroup>
    <ClInclude Include="source\Components\PlayerController.h">
      <Filter>Header Files</Filter>
    </ClInclude>
    <ClInclude Include="source\Prefabs.h">
      <Filter>Header Files</Filter>
    </ClInclude>
    <ClInclude Include="source\Editor\Editor.h">
      <Filter>Header Files</Filter>
    </ClInclude>
    <ClInclude Include="source\Editor\SceneGraphPanel.h">
      <Filter>Header Files</Filter>
    </ClInclude>
    <ClInclude Include="source\Editor\BurgerTimeLevelPanel.h">
      <Filter>Header Files</Filter>
    </ClInclude>
    <ClInclude Include="source\Components\BurgerIngredient.h">
      <Filter>Header Files</Filter>
    </ClInclude>
    <ClInclude Include="source\Components\BurgerTimeMovementController.h">
      <Filter>Header Files</Filter>
    </ClInclude>
    <ClInclude Include="source\Components\BurgerPlate.h">
      <Filter>Header Files</Filter>
    </ClInclude>
    <ClInclude Include="source\BurgerTime.h">
      <Filter>Header Files</Filter>
    </ClInclude>
    <ClInclude Include="source\Components\NodeComponent.h">
      <Filter>Header Files</Filter>
    </ClInclude>
    <ClInclude Include="source\AI\Pathfinding\AStar.h">
      <Filter>Header Files</Filter>
    </ClInclude>
    <ClInclude Include="source\Components\CharacterInfo.h">
      <Filter>Header Files</Filter>
    </ClInclude>
    <ClInclude Include="source\States\CharacterState.h">
      <Filter>Header Files</Filter>
    </ClInclude>
    <ClInclude Include="source\States\Enemy\EnemyGoToPlayerState.h">
      <Filter>Header Files</Filter>
    </ClInclude>
    <ClInclude Include="source\States\Enemy\EnemyClimbLadderState.h">
      <Filter>Header Files</Filter>
    </ClInclude>
    <ClInclude Include="source\Components\ObjectSpawner.h">
      <Filter>Header Files</Filter>
    </ClInclude>
    <ClInclude Include="source\States\GameModes\BTSinglePlayerGameMode.h">
      <Filter>Header Files</Filter>
    </ClInclude>
    <ClInclude Include="source\Components\BTTileGridComponent.h">
      <Filter>Header Files</Filter>
    </ClInclude>
    <ClInclude Include="source\States\GameModes\BTGameMode.h">
      <Filter>Header Files</Filter>
    </ClInclude>
    <ClInclude Include="source\Components\HealthComponent.h">
      <Filter>Header Files</Filter>
    </ClInclude>
    <ClInclude Include="source\Components\EnemyComponent.h">
      <Filter>Header Files</Filter>
    </ClInclude>
    <ClInclude Include="source\Components\CharacterAnimationController.h">
      <Filter>Header Files</Filter>
    </ClInclude>
    <ClInclude Include="source\States\SpriteAnim\SpriteAnimState.h">
      <Filter>Header Files</Filter>
    </ClInclude>
    <ClInclude Include="source\States\SpriteAnim\CharacterAnimStates.h">
      <Filter>Header Files</Filter>
    </ClInclude>
    <ClInclude Include="source\Components\SnapToGridComponent.h">
      <Filter>Header Files</Filter>
    </ClInclude>
    <ClInclude Include="source\States\Enemy\EnemyDieState.h">
      <Filter>Header Files</Filter>
    </ClInclude>
    <ClInclude Include="source\States\Enemy\EnemyState.h">
      <Filter>Header Files</Filter>
    </ClInclude>
    <ClInclude Include="source\States\Enemy\EnemyFallState.h">
      <Filter>Header Files</Filter>
    </ClInclude>
    <ClInclude Include="source\States\Enemy\EnemyAttackState.h">
      <Filter>Header Files</Filter>
    </ClInclude>
    <ClInclude Include="source\States\Enemy\EnemyStunnedState.h">
      <Filter>Header Files</Filter>
    </ClInclude>
    <ClInclude Include="source\Components\PepperComponent.h">
      <Filter>Header Files</Filter>
    </ClInclude>
    <ClInclude Include="source\States\GameModes\MainMenuGameMode.h">
      <Filter>Header Files</Filter>
    </ClInclude>
    <ClInclude Include="source\States\Menu\MainMenuState.h">
      <Filter>Header Files</Filter>
    </ClInclude>
    <ClInclude Include="source\Editor\BTEditorGameMode.h">
      <Filter>Header Files</Filter>
    </ClInclude>
    <ClInclude Include="source\States\Ingredients\IngredientState.h">
      <Filter>Header Files</Filter>
    </ClInclude>
    <ClInclude Include="source\States\Ingredients\IngredientIdleState.h">
      <Filter>Header Files</Filter>
    </ClInclude>
    <ClInclude Include="source\States\Ingredients\IngredientFallState.h">
      <Filter>Header Files</Filter>
    </ClInclude>
    <ClInclude Include="source\States\Ingredients\IngredientInPlateState.h">
      <Filter>Header Files</Filter>
    </ClInclude>
    <ClInclude Include="source\HighScoreSerializer.h">
      <Filter>Header Files</Filter>
    </ClInclude>
  </ItemGroup>
</Project>