<?xml version="1.0" encoding="utf-8"?>
<Project ToolsVersion="4.0" xmlns="http://schemas.microsoft.com/developer/msbuild/2003">
  <ItemGroup>
    <Filter Include="Source Files">
      <UniqueIdentifier>{4FC737F1-C7A5-4376-A066-2A32D752A2FF}</UniqueIdentifier>
      <Extensions>cpp;c;cc;cxx;def;odl;idl;hpj;bat;asm;asmx</Extensions>
    </Filter>
    <Filter Include="Header Files">
      <UniqueIdentifier>{93995380-89BD-4b04-88EB-625FBE52EBFB}</UniqueIdentifier>
      <Extensions>h;hh;hpp;hxx;hm;inl;inc;xsd</Extensions>
    </Filter>
    <Filter Include="Resource Files">
      <UniqueIdentifier>{67DA6AB6-F800-4c08-8B7A-83BB121AAD01}</UniqueIdentifier>
      <Extensions>rc;ico;cur;bmp;dlg;rc2;rct;bin;rgs;gif;jpg;jpeg;jpe;resx;tiff;tif;png;wav;mfcribbon-ms</Extensions>
    </Filter>
    <Filter Include="Header Files\Scene">
      <UniqueIdentifier>{551e54b1-70e0-4f42-a8b8-70cda45fb668}</UniqueIdentifier>
    </Filter>
    <Filter Include="3rdParty">
      <UniqueIdentifier>{bfbe8d1d-a7bd-4807-a4f6-91a73f07254d}</UniqueIdentifier>
    </Filter>
    <Filter Include="3rdParty\ImGui">
      <UniqueIdentifier>{f5253df7-c74b-4bb7-998e-15e2d28284e6}</UniqueIdentifier>
    </Filter>
    <Filter Include="Header Files\Scene\Components">
      <UniqueIdentifier>{00945d94-fdb8-4cc1-a87e-14aa87f6c253}</UniqueIdentifier>
    </Filter>
    <Filter Include="Source Files\Scene">
      <UniqueIdentifier>{6760c479-578f-44f0-9c26-d529c2cf306f}</UniqueIdentifier>
    </Filter>
    <Filter Include="Source Files\Scene\Components">
      <UniqueIdentifier>{f0c420fe-62f3-4e27-b1b5-bcee4edb420b}</UniqueIdentifier>
    </Filter>
    <Filter Include="Header Files\Renderer">
      <UniqueIdentifier>{a98704e8-bd81-4e99-ac6e-10013af6ef78}</UniqueIdentifier>
    </Filter>
    <Filter Include="Source Files\Renderer">
      <UniqueIdentifier>{d1698594-bce6-435b-beb5-7ee56e653a08}</UniqueIdentifier>
    </Filter>
    <Filter Include="Header Files\Core">
      <UniqueIdentifier>{04aacb97-3b08-4f87-8ad2-7eaab5cba2e9}</UniqueIdentifier>
    </Filter>
    <Filter Include="Source Files\Core">
      <UniqueIdentifier>{df4111d7-a217-4f68-9a52-a0412a865bda}</UniqueIdentifier>
    </Filter>
    <Filter Include="Source Files\Core\Command">
      <UniqueIdentifier>{64b74d5d-6f77-4eaf-9217-19176b81d4e7}</UniqueIdentifier>
    </Filter>
    <Filter Include="Header Files\Core\Command">
      <UniqueIdentifier>{39b45a85-398e-4f6c-83ad-ca366da7de45}</UniqueIdentifier>
    </Filter>
    <Filter Include="Header Files\Core\Input">
      <UniqueIdentifier>{185fe055-98be-40a8-8a96-f7c99d4c3fbe}</UniqueIdentifier>
    </Filter>
    <Filter Include="Source Files\Core\Input">
      <UniqueIdentifier>{33969cc0-414d-48d1-8d5d-56bf694d4f90}</UniqueIdentifier>
    </Filter>
    <Filter Include="Source Files\Scene\Components\TestComponents">
      <UniqueIdentifier>{3e7b08c4-4f97-43a6-8384-e62b5e4f7ea4}</UniqueIdentifier>
    </Filter>
    <Filter Include="Header Files\Scene\Components\TestComponents">
      <UniqueIdentifier>{e7052c6d-d322-45ec-9bb4-3d177e79d8e6}</UniqueIdentifier>
    </Filter>
    <Filter Include="Header Files\Core\Event">
      <UniqueIdentifier>{cb9c018f-b793-4779-87d4-7c8193b2dc90}</UniqueIdentifier>
    </Filter>
    <Filter Include="Source Files\Core\Event">
      <UniqueIdentifier>{998ab5f2-3594-48e1-9e69-bd508ca60f3a}</UniqueIdentifier>
    </Filter>
    <Filter Include="Header Files\Platform">
      <UniqueIdentifier>{feaf8b4e-5874-4de7-8e85-ab423cfb746f}</UniqueIdentifier>
    </Filter>
    <Filter Include="Source Files\Platform">
      <UniqueIdentifier>{b5d07bb5-3d50-499f-8df7-f4039c64b846}</UniqueIdentifier>
    </Filter>
    <Filter Include="Source Files\GameFiles">
      <UniqueIdentifier>{45d0f706-afb0-43b2-8e9b-f3845092607d}</UniqueIdentifier>
    </Filter>
    <Filter Include="Header Files\GameFiles">
      <UniqueIdentifier>{f52420ee-0d56-4d48-aab0-490d59e30f25}</UniqueIdentifier>
    </Filter>
  </ItemGroup>
  <ItemGroup>
    <ClInclude Include="..\3rdParty\imgui-master\imconfig.h">
      <Filter>3rdParty\ImGui</Filter>
    </ClInclude>
    <ClInclude Include="..\3rdParty\imgui-master\imgui.h">
      <Filter>3rdParty\ImGui</Filter>
    </ClInclude>
    <ClInclude Include="..\3rdParty\imgui-master\imgui_internal.h">
      <Filter>3rdParty\ImGui</Filter>
    </ClInclude>
    <ClInclude Include="..\3rdParty\imgui-master\imstb_rectpack.h">
      <Filter>3rdParty\ImGui</Filter>
    </ClInclude>
    <ClInclude Include="..\3rdParty\imgui-master\imstb_textedit.h">
      <Filter>3rdParty\ImGui</Filter>
    </ClInclude>
    <ClInclude Include="..\3rdParty\imgui-master\imstb_truetype.h">
      <Filter>3rdParty\ImGui</Filter>
    </ClInclude>
    <ClInclude Include="..\3rdParty\imgui-master\backends\imgui_impl_opengl2.h">
      <Filter>3rdParty\ImGui</Filter>
    </ClInclude>
    <ClInclude Include="..\3rdParty\imgui-master\backends\imgui_impl_sdl2.h">
      <Filter>3rdParty\ImGui</Filter>
    </ClInclude>
    <ClInclude Include="source\Component\Component.h">
      <Filter>Header Files\Scene\Components</Filter>
    </ClInclude>
    <ClInclude Include="source\Component\ComponentSystem.h">
      <Filter>Header Files\Scene\Components</Filter>
    </ClInclude>
    <ClInclude Include="source\Component\RenderComponent.h">
      <Filter>Header Files\Scene\Components</Filter>
    </ClInclude>
    <ClInclude Include="source\Component\TextureComponent.h">
      <Filter>Header Files\Scene\Components</Filter>
    </ClInclude>
    <ClInclude Include="source\Component\TransformComponent.h">
      <Filter>Header Files\Scene\Components</Filter>
    </ClInclude>
    <ClInclude Include="source\Scene\Scene.h">
      <Filter>Header Files\Scene</Filter>
    </ClInclude>
    <ClInclude Include="source\Managers\SceneManager.h">
      <Filter>Header Files\Scene</Filter>
    </ClInclude>
    <ClInclude Include="source\Scene\GameObject.h">
      <Filter>Header Files\Scene</Filter>
    </ClInclude>
    <ClInclude Include="source\Component\TextComponent.h">
      <Filter>Header Files\Scene\Components</Filter>
    </ClInclude>
    <ClInclude Include="source\Renderer\Renderer.h">
      <Filter>Header Files\Renderer</Filter>
    </ClInclude>
    <ClInclude Include="source\Renderer\Texture2D.h">
      <Filter>Header Files\Renderer</Filter>
    </ClInclude>
    <ClInclude Include="source\Renderer\Font.h">
      <Filter>Header Files\Renderer</Filter>
    </ClInclude>
    <ClInclude Include="..\3rdParty\imgui-master\imgui_plot.h">
      <Filter>3rdParty\ImGui</Filter>
    </ClInclude>
    <ClInclude Include="source\Platform\ImGui\ImGuiComponent.h">
      <Filter>Header Files\Scene\Components</Filter>
    </ClInclude>
    <ClInclude Include="source\Core\Time.h">
      <Filter>Header Files\Core</Filter>
    </ClInclude>
    <ClInclude Include="source\Core\Singleton.h">
      <Filter>Header Files\Core</Filter>
    </ClInclude>
    <ClInclude Include="source\Core\Minigin.h">
      <Filter>Header Files\Core</Filter>
    </ClInclude>
    <ClInclude Include="source\Managers\ResourceManager.h">
      <Filter>Header Files\Core</Filter>
    </ClInclude>
    <ClInclude Include="source\Core\Command.h">
      <Filter>Header Files\Core\Command</Filter>
    </ClInclude>
    <ClInclude Include="source\Input\Input.h">
      <Filter>Header Files\Core\Input</Filter>
    </ClInclude>
    <ClInclude Include="source\Input\Controller.h">
      <Filter>Header Files\Core\Input</Filter>
    </ClInclude>
    <ClInclude Include="source\Platform\ImGui\ImGuiPlotComponent.h">
      <Filter>Header Files\Scene\Components\TestComponents</Filter>
    </ClInclude>
    <ClInclude Include="source\Input\Keyboard.h">
      <Filter>Header Files\Core\Input</Filter>
    </ClInclude>
    <ClInclude Include="source\Core\Observer.h">
      <Filter>Header Files\Core\Event</Filter>
    </ClInclude>
    <ClInclude Include="source\Core\Subject.h">
      <Filter>Header Files\Core\Event</Filter>
    </ClInclude>
  </ItemGroup>
  <ItemGroup>
    <ClCompile Include="..\3rdParty\imgui-master\imgui.cpp">
      <Filter>3rdParty\ImGui</Filter>
    </ClCompile>
    <ClCompile Include="..\3rdParty\imgui-master\imgui_demo.cpp">
      <Filter>3rdParty\ImGui</Filter>
    </ClCompile>
    <ClCompile Include="..\3rdParty\imgui-master\imgui_draw.cpp">
      <Filter>3rdParty\ImGui</Filter>
    </ClCompile>
    <ClCompile Include="..\3rdParty\imgui-master\imgui_tables.cpp">
      <Filter>3rdParty\ImGui</Filter>
    </ClCompile>
    <ClCompile Include="..\3rdParty\imgui-master\imgui_widgets.cpp">
      <Filter>3rdParty\ImGui</Filter>
    </ClCompile>
    <ClCompile Include="..\3rdParty\imgui-master\backends\imgui_impl_opengl2.cpp">
      <Filter>3rdParty\ImGui</Filter>
    </ClCompile>
    <ClCompile Include="..\3rdParty\imgui-master\backends\imgui_impl_sdl2.cpp">
      <Filter>3rdParty\ImGui</Filter>
    </ClCompile>
    <ClCompile Include="source\Component\Component.cpp">
      <Filter>Source Files\Scene\Components</Filter>
    </ClCompile>
    <ClCompile Include="source\Component\ComponentSystem.cpp">
      <Filter>Source Files\Scene\Components</Filter>
    </ClCompile>
    <ClCompile Include="source\Component\RenderComponent.cpp">
      <Filter>Source Files\Scene\Components</Filter>
    </ClCompile>
    <ClCompile Include="source\Component\TextureComponent.cpp">
      <Filter>Source Files\Scene\Components</Filter>
    </ClCompile>
    <ClCompile Include="source\Component\TransformComponent.cpp">
      <Filter>Source Files\Scene\Components</Filter>
    </ClCompile>
    <ClCompile Include="source\Scene\Scene.cpp">
      <Filter>Source Files\Scene</Filter>
    </ClCompile>
    <ClCompile Include="source\Scene\GameObject.cpp">
      <Filter>Source Files\Scene</Filter>
    </ClCompile>
    <ClCompile Include="source\Managers\SceneManager.cpp">
      <Filter>Source Files\Scene</Filter>
    </ClCompile>
    <ClCompile Include="source\Component\TextComponent.cpp">
      <Filter>Source Files\Scene\Components</Filter>
    </ClCompile>
    <ClCompile Include="source\Renderer\Font.cpp">
      <Filter>Source Files\Renderer</Filter>
    </ClCompile>
    <ClCompile Include="source\Renderer\Texture2D.cpp">
      <Filter>Source Files\Renderer</Filter>
    </ClCompile>
    <ClCompile Include="source\Renderer\Renderer.cpp">
      <Filter>Source Files\Renderer</Filter>
    </ClCompile>
    <ClCompile Include="..\3rdParty\imgui-master\imgui_plot.cpp">
      <Filter>3rdParty\ImGui</Filter>
    </ClCompile>
    <ClCompile Include="source\Core\Time.cpp">
      <Filter>Source Files\Core</Filter>
    </ClCompile>
    <ClCompile Include="source\Core\Minigin.cpp">
      <Filter>Source Files\Core</Filter>
    </ClCompile>
    <ClCompile Include="source\Managers\ResourceManager.cpp">
      <Filter>Source Files\Core</Filter>
    </ClCompile>
    <ClCompile Include="source\Platform\ImGui\ImGuiComponent.cpp">
      <Filter>Source Files\Scene\Components</Filter>
    </ClCompile>
    <ClCompile Include="source\Input\Input.cpp">
      <Filter>Source Files\Core\Input</Filter>
    </ClCompile>
    <ClCompile Include="source\Input\Controller.cpp">
      <Filter>Source Files\Core\Input</Filter>
    </ClCompile>
    <ClCompile Include="source\Platform\ImGui\ImGuiPlotComponent.cpp">
      <Filter>Source Files\Scene\Components\TestComponents</Filter>
    </ClCompile>
    <ClCompile Include="source\Core\Subject.cpp">
      <Filter>Source Files\Core\Event</Filter>
    </ClCompile>
    <ClCompile Include="source\Input\Keyboard.cpp">
      <Filter>Source Files\Core\Input</Filter>
    </ClCompile>
    <ClCompile Include="source\Core\Command.cpp">
      <Filter>Source Files</Filter>
    </ClCompile>
  </ItemGroup>
</Project>